
Microsoft Visual Studio Solution File, Format Version 12.00
# Visual Studio Version 16
VisualStudioVersion = 16.0.29123.88
MinimumVisualStudioVersion = 10.0.40219.1
Project("{FAE04EC0-301F-11D3-BF4B-00C04F79EFBC}") = "SortingConsoleApps", "SortingConsoleApps\SortingConsoleApps.csproj", "{CBA0A1F9-9E67-4745-9522-B96F67FC38D0}"
EndProject
Project("{FAE04EC0-301F-11D3-BF4B-00C04F79EFBC}") = "SortingDekstopApps", "SortingDekstopApps\SortingDekstopApps.csproj", "{4E3BE335-F1DF-4239-8214-C4BFCC5331DF}"
EndProject
Global
	GlobalSection(SolutionConfigurationPlatforms) = preSolution
		Debug|Any CPU = Debug|Any CPU
		Release|Any CPU = Release|Any CPU
	EndGlobalSection
	GlobalSection(ProjectConfigurationPlatforms) = postSolution
		{CBA0A1F9-9E67-4745-9522-B96F67FC38D0}.Debug|Any CPU.ActiveCfg = Debug|Any CPU
		{CBA0A1F9-9E67-4745-9522-B96F67FC38D0}.Debug|Any CPU.Build.0 = Debug|Any CPU
		{CBA0A1F9-9E67-4745-9522-B96F67FC38D0}.Release|Any CPU.ActiveCfg = Release|Any CPU
		{CBA0A1F9-9E67-4745-9522-B96F67FC38D0}.Release|Any CPU.Build.0 = Release|Any CPU
		{4E3BE335-F1DF-4239-8214-C4BFCC5331DF}.Debug|Any CPU.ActiveCfg = Debug|Any CPU
		{4E3BE335-F1DF-4239-8214-C4BFCC5331DF}.Debug|Any CPU.Build.0 = Debug|Any CPU
		{4E3BE335-F1DF-4239-8214-C4BFCC5331DF}.Release|Any CPU.ActiveCfg = Release|Any CPU
		{4E3BE335-F1DF-4239-8214-C4BFCC5331DF}.Release|Any CPU.Build.0 = Release|Any CPU
	EndGlobalSection
	GlobalSection(SolutionProperties) = preSolution
		HideSolutionNode = FALSE
	EndGlobalSection
	GlobalSection(ExtensibilityGlobals) = postSolution
		SolutionGuid = {15C3F089-04E7-4DB9-9A1F-D3F7B690C2EB}
	EndGlobalSection
EndGlobal
